
Microsoft Visual Studio Solution File, Format Version 12.00
# Visual Studio 14
VisualStudioVersion = 14.0.25420.1
MinimumVisualStudioVersion = 10.0.40219.1
Project("{888888A0-9F3D-457C-B088-3A5042F75D52}") = "WorkingWithDatesAndTime", "WorkingWithDatesAndTime\WorkingWithDatesAndTime.pyproj", "{9A4FC23A-B5AD-43F2-B385-FBF7C6CC7225}"
EndProject
Global
	GlobalSection(SolutionConfigurationPlatforms) = preSolution
		Debug|Any CPU = Debug|Any CPU
		Release|Any CPU = Release|Any CPU
	EndGlobalSection
	GlobalSection(ProjectConfigurationPlatforms) = postSolution
		{9A4FC23A-B5AD-43F2-B385-FBF7C6CC7225}.Debug|Any CPU.ActiveCfg = Debug|Any CPU
		{9A4FC23A-B5AD-43F2-B385-FBF7C6CC7225}.Release|Any CPU.ActiveCfg = Release|Any CPU
	EndGlobalSection
	GlobalSection(SolutionProperties) = preSolution
		HideSolutionNode = FALSE
	EndGlobalSection
EndGlobal
